
Microsoft Visual Studio Solution File, Format Version 12.00
# Visual Studio Version 16
VisualStudioVersion = 16.0.29123.88
MinimumVisualStudioVersion = 10.0.40219.1
Project("{FAE04EC0-301F-11D3-BF4B-00C04F79EFBC}") = "mortgagesvc", "mortgagesvc\mortgagesvc.csproj", "{B17AA4D2-CFD0-494C-BE30-406222BA4239}"
EndProject
Global
	GlobalSection(SolutionConfigurationPlatforms) = preSolution
		Debug|Any CPU = Debug|Any CPU
		Release|Any CPU = Release|Any CPU
	EndGlobalSection
	GlobalSection(ProjectConfigurationPlatforms) = postSolution
		{B17AA4D2-CFD0-494C-BE30-406222BA4239}.Debug|Any CPU.ActiveCfg = Debug|Any CPU
		{B17AA4D2-CFD0-494C-BE30-406222BA4239}.Debug|Any CPU.Build.0 = Debug|Any CPU
		{B17AA4D2-CFD0-494C-BE30-406222BA4239}.Release|Any CPU.ActiveCfg = Release|Any CPU
		{B17AA4D2-CFD0-494C-BE30-406222BA4239}.Release|Any CPU.Build.0 = Release|Any CPU
	EndGlobalSection
	GlobalSection(SolutionProperties) = preSolution
		HideSolutionNode = FALSE
	EndGlobalSection
	GlobalSection(ExtensibilityGlobals) = postSolution
		SolutionGuid = {965B8B2D-7EF0-466B-A82B-CEDCEF7857D7}
	EndGlobalSection
EndGlobal
