
Microsoft Visual Studio Solution File, Format Version 12.00
# Visual Studio Version 16
VisualStudioVersion = 16.0.29123.88
MinimumVisualStudioVersion = 10.0.40219.1
Project("{9A19103F-16F7-4668-BE54-9A1E7A4F7556}") = "az-snappers-mortgagesvc", "az-snappers-mortgagesvc\az-snappers-mortgagesvc.csproj", "{2AC1781F-CF53-4316-843C-18A60B7302BD}"
EndProject
Project("{FAE04EC0-301F-11D3-BF4B-00C04F79EFBC}") = "Core", "Core\Core.csproj", "{F52F9B24-70A3-4E30-A21F-52C378D67E7F}"
EndProject
Global
	GlobalSection(SolutionConfigurationPlatforms) = preSolution
		Debug|Any CPU = Debug|Any CPU
		Release|Any CPU = Release|Any CPU
	EndGlobalSection
	GlobalSection(ProjectConfigurationPlatforms) = postSolution
		{2AC1781F-CF53-4316-843C-18A60B7302BD}.Debug|Any CPU.ActiveCfg = Debug|Any CPU
		{2AC1781F-CF53-4316-843C-18A60B7302BD}.Debug|Any CPU.Build.0 = Debug|Any CPU
		{2AC1781F-CF53-4316-843C-18A60B7302BD}.Release|Any CPU.ActiveCfg = Release|Any CPU
		{2AC1781F-CF53-4316-843C-18A60B7302BD}.Release|Any CPU.Build.0 = Release|Any CPU
		{F52F9B24-70A3-4E30-A21F-52C378D67E7F}.Debug|Any CPU.ActiveCfg = Debug|Any CPU
		{F52F9B24-70A3-4E30-A21F-52C378D67E7F}.Debug|Any CPU.Build.0 = Debug|Any CPU
		{F52F9B24-70A3-4E30-A21F-52C378D67E7F}.Release|Any CPU.ActiveCfg = Release|Any CPU
		{F52F9B24-70A3-4E30-A21F-52C378D67E7F}.Release|Any CPU.Build.0 = Release|Any CPU
	EndGlobalSection
	GlobalSection(SolutionProperties) = preSolution
		HideSolutionNode = FALSE
	EndGlobalSection
	GlobalSection(ExtensibilityGlobals) = postSolution
		SolutionGuid = {1BA777F5-2F00-4C9A-9DC7-DD6252EE21C1}
	EndGlobalSection
EndGlobal
